
Microsoft Visual Studio Solution File, Format Version 12.00
# Visual Studio 15
VisualStudioVersion = 15.0.27703.2026
MinimumVisualStudioVersion = 10.0.40219.1
Project("{FAE04EC0-301F-11D3-BF4B-00C04F79EFBC}") = "Lab - 1", "Lab - 1\Lab - 1.csproj", "{EBFFD8F1-FE2D-4120-8779-3BA383983F0A}"
EndProject
Global
	GlobalSection(SolutionConfigurationPlatforms) = preSolution
		Debug|Any CPU = Debug|Any CPU
		Release|Any CPU = Release|Any CPU
	EndGlobalSection
	GlobalSection(ProjectConfigurationPlatforms) = postSolution
		{EBFFD8F1-FE2D-4120-8779-3BA383983F0A}.Debug|Any CPU.ActiveCfg = Debug|Any CPU
		{EBFFD8F1-FE2D-4120-8779-3BA383983F0A}.Debug|Any CPU.Build.0 = Debug|Any CPU
		{EBFFD8F1-FE2D-4120-8779-3BA383983F0A}.Release|Any CPU.ActiveCfg = Release|Any CPU
		{EBFFD8F1-FE2D-4120-8779-3BA383983F0A}.Release|Any CPU.Build.0 = Release|Any CPU
	EndGlobalSection
	GlobalSection(SolutionProperties) = preSolution
		HideSolutionNode = FALSE
	EndGlobalSection
	GlobalSection(ExtensibilityGlobals) = postSolution
		SolutionGuid = {3C0971AB-A169-4C15-85F4-C81BBF07434F}
	EndGlobalSection
EndGlobal
